
Microsoft Visual Studio Solution File, Format Version 12.00
# Visual Studio Version 17
VisualStudioVersion = 17.3.32811.315
MinimumVisualStudioVersion = 10.0.40219.1
Project("{9A19103F-16F7-4668-BE54-9A1E7A4F7556}") = "PetStore3.SupportLibrary.Core", "PetStore3.SupportLibrary.Core\PetStore3.SupportLibrary.Core.csproj", "{CE505994-A9F1-4287-B072-8AA5E899D514}"
EndProject
Project("{9A19103F-16F7-4668-BE54-9A1E7A4F7556}") = "RestApiTest", "RestApiTest\RestApiTest.csproj", "{7B0A5552-EDB5-4E47-A982-824AB7033C83}"
EndProject
Project("{9A19103F-16F7-4668-BE54-9A1E7A4F7556}") = "Common.Components", "Common.Components\Common.Components.csproj", "{E0D25B9B-F74D-48EA-B2A0-A4CC1DDD95CD}"
EndProject
Project("{9A19103F-16F7-4668-BE54-9A1E7A4F7556}") = "Common.TestData", "Common.TestData\Common.TestData.csproj", "{5F9737BF-2F28-48FF-A4B9-2F93F1CB6067}"
EndProject
Project("{FAE04EC0-301F-11D3-BF4B-00C04F79EFBC}") = "LoadApiTest", "LoadApiTest\LoadApiTest.csproj", "{4FCAA7C7-F324-4084-9063-D2EAFB60E166}"
EndProject
Global
	GlobalSection(SolutionConfigurationPlatforms) = preSolution
		Debug|Any CPU = Debug|Any CPU
		Release|Any CPU = Release|Any CPU
	EndGlobalSection
	GlobalSection(ProjectConfigurationPlatforms) = postSolution
		{CE505994-A9F1-4287-B072-8AA5E899D514}.Debug|Any CPU.ActiveCfg = Debug|Any CPU
		{CE505994-A9F1-4287-B072-8AA5E899D514}.Debug|Any CPU.Build.0 = Debug|Any CPU
		{CE505994-A9F1-4287-B072-8AA5E899D514}.Release|Any CPU.ActiveCfg = Release|Any CPU
		{CE505994-A9F1-4287-B072-8AA5E899D514}.Release|Any CPU.Build.0 = Release|Any CPU
		{7B0A5552-EDB5-4E47-A982-824AB7033C83}.Debug|Any CPU.ActiveCfg = Debug|Any CPU
		{7B0A5552-EDB5-4E47-A982-824AB7033C83}.Debug|Any CPU.Build.0 = Debug|Any CPU
		{7B0A5552-EDB5-4E47-A982-824AB7033C83}.Release|Any CPU.ActiveCfg = Release|Any CPU
		{7B0A5552-EDB5-4E47-A982-824AB7033C83}.Release|Any CPU.Build.0 = Release|Any CPU
		{E0D25B9B-F74D-48EA-B2A0-A4CC1DDD95CD}.Debug|Any CPU.ActiveCfg = Debug|Any CPU
		{E0D25B9B-F74D-48EA-B2A0-A4CC1DDD95CD}.Debug|Any CPU.Build.0 = Debug|Any CPU
		{E0D25B9B-F74D-48EA-B2A0-A4CC1DDD95CD}.Release|Any CPU.ActiveCfg = Release|Any CPU
		{E0D25B9B-F74D-48EA-B2A0-A4CC1DDD95CD}.Release|Any CPU.Build.0 = Release|Any CPU
		{5F9737BF-2F28-48FF-A4B9-2F93F1CB6067}.Debug|Any CPU.ActiveCfg = Debug|Any CPU
		{5F9737BF-2F28-48FF-A4B9-2F93F1CB6067}.Debug|Any CPU.Build.0 = Debug|Any CPU
		{5F9737BF-2F28-48FF-A4B9-2F93F1CB6067}.Release|Any CPU.ActiveCfg = Release|Any CPU
		{5F9737BF-2F28-48FF-A4B9-2F93F1CB6067}.Release|Any CPU.Build.0 = Release|Any CPU
		{4FCAA7C7-F324-4084-9063-D2EAFB60E166}.Debug|Any CPU.ActiveCfg = Debug|Any CPU
		{4FCAA7C7-F324-4084-9063-D2EAFB60E166}.Debug|Any CPU.Build.0 = Debug|Any CPU
		{4FCAA7C7-F324-4084-9063-D2EAFB60E166}.Release|Any CPU.ActiveCfg = Release|Any CPU
		{4FCAA7C7-F324-4084-9063-D2EAFB60E166}.Release|Any CPU.Build.0 = Release|Any CPU
	EndGlobalSection
	GlobalSection(SolutionProperties) = preSolution
		HideSolutionNode = FALSE
	EndGlobalSection
	GlobalSection(ExtensibilityGlobals) = postSolution
		SolutionGuid = {18416055-1A1F-4F85-8D35-7C855C034945}
	EndGlobalSection
EndGlobal
